// !$*UTF8*$!
{
	archiveVersion = 1;
	classes = {
	};
	objectVersion = 77;
	objects = {

/* Begin PBXBuildFile section */
		009E0AEE3925D8C6754245A5 /* Pods_Wlif.framework in Frameworks */ = {isa = PBXBuildFile; fileRef = 6B3A66331E110713BCCA3137 /* Pods_Wlif.framework */; };
		8A4B22D32E1E729400A13823 /* Cosmos in Frameworks */ = {isa = PBXBuildFile; productRef = 8A4B22D22E1E729400A13823 /* Cosmos */; };
		8AB0A2632E16971C0042FB85 /* Kingfisher in Frameworks */ = {isa = PBXBuildFile; productRef = 8AB0A2622E16971C0042FB85 /* Kingfisher */; };
		8AB0A2682E1697830042FB85 /* NVActivityIndicatorView in Frameworks */ = {isa = PBXBuildFile; productRef = 8AB0A2672E1697830042FB85 /* NVActivityIndicatorView */; };
		8AB0A26A2E1697830042FB85 /* NVActivityIndicatorViewExtended in Frameworks */ = {isa = PBXBuildFile; productRef = 8AB0A2692E1697830042FB85 /* NVActivityIndicatorViewExtended */; };
		8AF539CC2E13BE2600D3170A /* Alamofire in Frameworks */ = {isa = PBXBuildFile; productRef = 8AF539CB2E13BE2600D3170A /* Alamofire */; };
		8AF53A352E13DA6800D3170A /* IQKeyboardManagerSwift in Frameworks */ = {isa = PBXBuildFile; productRef = 8AF53A342E13DA6800D3170A /* IQKeyboardManagerSwift */; };
		8AF9EF8B2E2FA60B008F7EF2 /* FSCalendar in Frameworks */ = {isa = PBXBuildFile; productRef = 8AF9EF8A2E2FA60B008F7EF2 /* FSCalendar */; };
/* End PBXBuildFile section */

/* Begin PBXFileReference section */
		6B3A66331E110713BCCA3137 /* Pods_Wlif.framework */ = {isa = PBXFileReference; explicitFileType = wrapper.framework; includeInIndex = 0; path = Pods_Wlif.framework; sourceTree = BUILT_PRODUCTS_DIR; };
		7CC7AFB25524E2360C23AB94 /* Pods-Wlif.release.xcconfig */ = {isa = PBXFileReference; includeInIndex = 1; lastKnownFileType = text.xcconfig; name = "Pods-Wlif.release.xcconfig"; path = "Target Support Files/Pods-Wlif/Pods-Wlif.release.xcconfig"; sourceTree = "<group>"; };
		8AF539A22E13BD3000D3170A /* Wlif.app */ = {isa = PBXFileReference; explicitFileType = wrapper.application; includeInIndex = 0; path = Wlif.app; sourceTree = BUILT_PRODUCTS_DIR; };
		8D3E6D84C5485CE388AEE9F9 /* Pods-Wlif.debug.xcconfig */ = {isa = PBXFileReference; includeInIndex = 1; lastKnownFileType = text.xcconfig; name = "Pods-Wlif.debug.xcconfig"; path = "Target Support Files/Pods-Wlif/Pods-Wlif.debug.xcconfig"; sourceTree = "<group>"; };
/* End PBXFileReference section */

/* Begin PBXFileSystemSynchronizedBuildFileExceptionSet section */
		8AF539B42E13BD3100D3170A /* Exceptions for "Wlif" folder in "Wlif" target */ = {
			isa = PBXFileSystemSynchronizedBuildFileExceptionSet;
			membershipExceptions = (
				Info.plist,
			);
			target = 8AF539A12E13BD3000D3170A /* Wlif */;
		};
/* End PBXFileSystemSynchronizedBuildFileExceptionSet section */

/* Begin PBXFileSystemSynchronizedRootGroup section */
		8AF539A42E13BD3000D3170A /* Wlif */ = {
			isa = PBXFileSystemSynchronizedRootGroup;
			exceptions = (
				8AF539B42E13BD3100D3170A /* Exceptions for "Wlif" folder in "Wlif" target */,
			);
			path = Wlif;
			sourceTree = "<group>";
		};
/* End PBXFileSystemSynchronizedRootGroup section */

/* Begin PBXFrameworksBuildPhase section */
		8AF5399F2E13BD3000D3170A /* Frameworks */ = {
			isa = PBXFrameworksBuildPhase;
			buildActionMask = 2147483647;
			files = (
				8A4B22D32E1E729400A13823 /* Cosmos in Frameworks */,
				8AB0A2682E1697830042FB85 /* NVActivityIndicatorView in Frameworks */,
				8AB0A2632E16971C0042FB85 /* Kingfisher in Frameworks */,
				8AF539CC2E13BE2600D3170A /* Alamofire in Frameworks */,
				8AF53A352E13DA6800D3170A /* IQKeyboardManagerSwift in Frameworks */,
				8AF9EF8B2E2FA60B008F7EF2 /* FSCalendar in Frameworks */,
				8AB0A26A2E1697830042FB85 /* NVActivityIndicatorViewExtended in Frameworks */,
				009E0AEE3925D8C6754245A5 /* Pods_Wlif.framework in Frameworks */,
			);
			runOnlyForDeploymentPostprocessing = 0;
		};
/* End PBXFrameworksBuildPhase section */

/* Begin PBXGroup section */
		1D11E1A4A94C75E62A2E7FEE /* Pods */ = {
			isa = PBXGroup;
			children = (
				8D3E6D84C5485CE388AEE9F9 /* Pods-Wlif.debug.xcconfig */,
				7CC7AFB25524E2360C23AB94 /* Pods-Wlif.release.xcconfig */,
			);
			path = Pods;
			sourceTree = "<group>";
		};
		8AF539992E13BD3000D3170A = {
			isa = PBXGroup;
			children = (
				8AF539A42E13BD3000D3170A /* Wlif */,
				8AF539A32E13BD3000D3170A /* Products */,
				1D11E1A4A94C75E62A2E7FEE /* Pods */,
				978F310C8D4B2DAC1CEE761B /* Frameworks */,
			);
			sourceTree = "<group>";
		};
		8AF539A32E13BD3000D3170A /* Products */ = {
			isa = PBXGroup;
			children = (
				8AF539A22E13BD3000D3170A /* Wlif.app */,
			);
			name = Products;
			sourceTree = "<group>";
		};
		978F310C8D4B2DAC1CEE761B /* Frameworks */ = {
			isa = PBXGroup;
			children = (
				6B3A66331E110713BCCA3137 /* Pods_Wlif.framework */,
			);
			name = Frameworks;
			sourceTree = "<group>";
		};
/* End PBXGroup section */

/* Begin PBXNativeTarget section */
		8AF539A12E13BD3000D3170A /* Wlif */ = {
			isa = PBXNativeTarget;
			buildConfigurationList = 8AF539B52E13BD3100D3170A /* Build configuration list for PBXNativeTarget "Wlif" */;
			buildPhases = (
				05A45D1D5F0FF2736DBB137B /* [CP] Check Pods Manifest.lock */,
				8AF5399E2E13BD3000D3170A /* Sources */,
				8AF5399F2E13BD3000D3170A /* Frameworks */,
				8AF539A02E13BD3000D3170A /* Resources */,
				89028F947675A97799F6496B /* [CP] Copy Pods Resources */,
			);
			buildRules = (
			);
			dependencies = (
			);
			fileSystemSynchronizedGroups = (
				8AF539A42E13BD3000D3170A /* Wlif */,
			);
			name = Wlif;
			packageProductDependencies = (
				8AF539CB2E13BE2600D3170A /* Alamofire */,
				8AF53A342E13DA6800D3170A /* IQKeyboardManagerSwift */,
				8AB0A2622E16971C0042FB85 /* Kingfisher */,
				8AB0A2672E1697830042FB85 /* NVActivityIndicatorView */,
				8AB0A2692E1697830042FB85 /* NVActivityIndicatorViewExtended */,
				8A4B22D22E1E729400A13823 /* Cosmos */,
				8AF9EF8A2E2FA60B008F7EF2 /* FSCalendar */,
			);
			productName = Wlif;
			productReference = 8AF539A22E13BD3000D3170A /* Wlif.app */;
			productType = "com.apple.product-type.application";
		};
/* End PBXNativeTarget section */

/* Begin PBXProject section */
		8AF5399A2E13BD3000D3170A /* Project object */ = {
			isa = PBXProject;
			attributes = {
				BuildIndependentTargetsInParallel = 1;
				LastSwiftUpdateCheck = 1620;
				LastUpgradeCheck = 1620;
				TargetAttributes = {
					8AF539A12E13BD3000D3170A = {
						CreatedOnToolsVersion = 16.2;
					};
				};
			};
			buildConfigurationList = 8AF5399D2E13BD3000D3170A /* Build configuration list for PBXProject "Wlif" */;
			developmentRegion = en;
			hasScannedForEncodings = 0;
			knownRegions = (
				en,
				Base,
				"ar-EG",
				"ar-SA",
			);
			mainGroup = 8AF539992E13BD3000D3170A;
			minimizedProjectReferenceProxies = 1;
			packageReferences = (
				8AF539CA2E13BE2600D3170A /* XCRemoteSwiftPackageReference "Alamofire" */,
				8AF53A332E13DA6800D3170A /* XCRemoteSwiftPackageReference "IQKeyboardManager" */,
				8AB0A2612E16971C0042FB85 /* XCRemoteSwiftPackageReference "Kingfisher" */,
				8AB0A2662E1697830042FB85 /* XCRemoteSwiftPackageReference "NVActivityIndicatorView" */,
				8A4B22D12E1E729400A13823 /* XCRemoteSwiftPackageReference "Cosmos" */,
				8AF9EF892E2FA60B008F7EF2 /* XCRemoteSwiftPackageReference "FSCalendar" */,
			);
			preferredProjectObjectVersion = 77;
			productRefGroup = 8AF539A32E13BD3000D3170A /* Products */;
			projectDirPath = "";
			projectRoot = "";
			targets = (
				8AF539A12E13BD3000D3170A /* Wlif */,
			);
		};
/* End PBXProject section */

/* Begin PBXResourcesBuildPhase section */
		8AF539A02E13BD3000D3170A /* Resources */ = {
			isa = PBXResourcesBuildPhase;
			buildActionMask = 2147483647;
			files = (
			);
			runOnlyForDeploymentPostprocessing = 0;
		};
/* End PBXResourcesBuildPhase section */

/* Begin PBXShellScriptBuildPhase section */
		05A45D1D5F0FF2736DBB137B /* [CP] Check Pods Manifest.lock */ = {
			isa = PBXShellScriptBuildPhase;
			buildActionMask = 2147483647;
			files = (
			);
			inputFileListPaths = (
			);
			inputPaths = (
				"${PODS_PODFILE_DIR_PATH}/Podfile.lock",
				"${PODS_ROOT}/Manifest.lock",
			);
			name = "[CP] Check Pods Manifest.lock";
			outputFileListPaths = (
			);
			outputPaths = (
				"$(DERIVED_FILE_DIR)/Pods-Wlif-checkManifestLockResult.txt",
			);
			runOnlyForDeploymentPostprocessing = 0;
			shellPath = /bin/sh;
			shellScript = "diff \"${PODS_PODFILE_DIR_PATH}/Podfile.lock\" \"${PODS_ROOT}/Manifest.lock\" > /dev/null\nif [ $? != 0 ] ; then\n    # print error to STDERR\n    echo \"error: The sandbox is not in sync with the Podfile.lock. Run 'pod install' or update your CocoaPods installation.\" >&2\n    exit 1\nfi\n# This output is used by Xcode 'outputs' to avoid re-running this script phase.\necho \"SUCCESS\" > \"${SCRIPT_OUTPUT_FILE_0}\"\n";
			showEnvVarsInLog = 0;
		};
		89028F947675A97799F6496B /* [CP] Copy Pods Resources */ = {
			isa = PBXShellScriptBuildPhase;
			buildActionMask = 2147483647;
			files = (
			);
			inputFileListPaths = (
				"${PODS_ROOT}/Target Support Files/Pods-Wlif/Pods-Wlif-resources-${CONFIGURATION}-input-files.xcfilelist",
			);
			name = "[CP] Copy Pods Resources";
			outputFileListPaths = (
				"${PODS_ROOT}/Target Support Files/Pods-Wlif/Pods-Wlif-resources-${CONFIGURATION}-output-files.xcfilelist",
			);
			runOnlyForDeploymentPostprocessing = 0;
			shellPath = /bin/sh;
			shellScript = "\"${PODS_ROOT}/Target Support Files/Pods-Wlif/Pods-Wlif-resources.sh\"\n";
			showEnvVarsInLog = 0;
		};
/* End PBXShellScriptBuildPhase section */

/* Begin PBXSourcesBuildPhase section */
		8AF5399E2E13BD3000D3170A /* Sources */ = {
			isa = PBXSourcesBuildPhase;
			buildActionMask = 2147483647;
			files = (
			);
			runOnlyForDeploymentPostprocessing = 0;
		};
/* End PBXSourcesBuildPhase section */

/* Begin XCBuildConfiguration section */
		8AF539B62E13BD3100D3170A /* Debug */ = {
			isa = XCBuildConfiguration;
			baseConfigurationReference = 8D3E6D84C5485CE388AEE9F9 /* Pods-Wlif.debug.xcconfig */;
			buildSettings = {
				ASSETCATALOG_COMPILER_APPICON_NAME = AppIcon;
				ASSETCATALOG_COMPILER_GLOBAL_ACCENT_COLOR_NAME = AccentColor;
				CODE_SIGN_STYLE = Automatic;
				CURRENT_PROJECT_VERSION = 1;
				DEVELOPMENT_TEAM = 3N2647N98U;
				ENABLE_USER_SCRIPT_SANDBOXING = NO;
				GENERATE_INFOPLIST_FILE = YES;
				INFOPLIST_FILE = Wlif/Info.plist;
				INFOPLIST_KEY_UIApplicationSupportsIndirectInputEvents = YES;
				INFOPLIST_KEY_UILaunchStoryboardName = LaunchScreen;
				INFOPLIST_KEY_UIMainStoryboardFile = Main;
				INFOPLIST_KEY_UISupportedInterfaceOrientations_iPad = "UIInterfaceOrientationPortrait UIInterfaceOrientationPortraitUpsideDown UIInterfaceOrientationLandscapeLeft UIInterfaceOrientationLandscapeRight";
				INFOPLIST_KEY_UISupportedInterfaceOrientations_iPhone = "UIInterfaceOrientationPortrait UIInterfaceOrientationLandscapeLeft UIInterfaceOrientationLandscapeRight";
				LD_RUNPATH_SEARCH_PATHS = (
					"$(inherited)",
					"@executable_path/Frameworks",
				);
				MARKETING_VERSION = 1.0;
				PRODUCT_BUNDLE_IDENTIFIER = MinaEidTrail.Task1;
				PRODUCT_NAME = "$(TARGET_NAME)";
				SWIFT_EMIT_LOC_STRINGS = YES;
				SWIFT_VERSION = 5.0;
				TARGETED_DEVICE_FAMILY = "1,2";
			};
			name = Debug;
		};
		8AF539B72E13BD3100D3170A /* Release */ = {
			isa = XCBuildConfiguration;
			baseConfigurationReference = 7CC7AFB25524E2360C23AB94 /* Pods-Wlif.release.xcconfig */;
			buildSettings = {
				ASSETCATALOG_COMPILER_APPICON_NAME = AppIcon;
				ASSETCATALOG_COMPILER_GLOBAL_ACCENT_COLOR_NAME = AccentColor;
				CODE_SIGN_STYLE = Automatic;
				CURRENT_PROJECT_VERSION = 1;
				DEVELOPMENT_TEAM = 3N2647N98U;
				ENABLE_USER_SCRIPT_SANDBOXING = NO;
				GENERATE_INFOPLIST_FILE = YES;
				INFOPLIST_FILE = Wlif/Info.plist;
				INFOPLIST_KEY_UIApplicationSupportsIndirectInputEvents = YES;
				INFOPLIST_KEY_UILaunchStoryboardName = LaunchScreen;
				INFOPLIST_KEY_UIMainStoryboardFile = Main;
				INFOPLIST_KEY_UISupportedInterfaceOrientations_iPad = "UIInterfaceOrientationPortrait UIInterfaceOrientationPortraitUpsideDown UIInterfaceOrientationLandscapeLeft UIInterfaceOrientationLandscapeRight";
				INFOPLIST_KEY_UISupportedInterfaceOrientations_iPhone = "UIInterfaceOrientationPortrait UIInterfaceOrientationLandscapeLeft UIInterfaceOrientationLandscapeRight";
				LD_RUNPATH_SEARCH_PATHS = (
					"$(inherited)",
					"@executable_path/Frameworks",
				);
				MARKETING_VERSION = 1.0;
				PRODUCT_BUNDLE_IDENTIFIER = MinaEidTrail.Task1;
				PRODUCT_NAME = "$(TARGET_NAME)";
				SWIFT_EMIT_LOC_STRINGS = YES;
				SWIFT_VERSION = 5.0;
				TARGETED_DEVICE_FAMILY = "1,2";
			};
			name = Release;
		};
		8AF539B82E13BD3100D3170A /* Debug */ = {
			isa = XCBuildConfiguration;
			buildSettings = {
				ALWAYS_SEARCH_USER_PATHS = NO;
				ASSETCATALOG_COMPILER_GENERATE_SWIFT_ASSET_SYMBOL_EXTENSIONS = YES;
				CLANG_ANALYZER_NONNULL = YES;
				CLANG_ANALYZER_NUMBER_OBJECT_CONVERSION = YES_AGGRESSIVE;
				CLANG_CXX_LANGUAGE_STANDARD = "gnu++20";
				CLANG_ENABLE_MODULES = YES;
				CLANG_ENABLE_OBJC_ARC = YES;
				CLANG_ENABLE_OBJC_WEAK = YES;
				CLANG_WARN_BLOCK_CAPTURE_AUTORELEASING = YES;
				CLANG_WARN_BOOL_CONVERSION = YES;
				CLANG_WARN_COMMA = YES;
				CLANG_WARN_CONSTANT_CONVERSION = YES;
				CLANG_WARN_DEPRECATED_OBJC_IMPLEMENTATIONS = YES;
				CLANG_WARN_DIRECT_OBJC_ISA_USAGE = YES_ERROR;
				CLANG_WARN_DOCUMENTATION_COMMENTS = YES;
				CLANG_WARN_EMPTY_BODY = YES;
				CLANG_WARN_ENUM_CONVERSION = YES;
				CLANG_WARN_INFINITE_RECURSION = YES;
				CLANG_WARN_INT_CONVERSION = YES;
				CLANG_WARN_NON_LITERAL_NULL_CONVERSION = YES;
				CLANG_WARN_OBJC_IMPLICIT_RETAIN_SELF = YES;
				CLANG_WARN_OBJC_LITERAL_CONVERSION = YES;
				CLANG_WARN_OBJC_ROOT_CLASS = YES_ERROR;
				CLANG_WARN_QUOTED_INCLUDE_IN_FRAMEWORK_HEADER = YES;
				CLANG_WARN_RANGE_LOOP_ANALYSIS = YES;
				CLANG_WARN_STRICT_PROTOTYPES = YES;
				CLANG_WARN_SUSPICIOUS_MOVE = YES;
				CLANG_WARN_UNGUARDED_AVAILABILITY = YES_AGGRESSIVE;
				CLANG_WARN_UNREACHABLE_CODE = YES;
				CLANG_WARN__DUPLICATE_METHOD_MATCH = YES;
				COPY_PHASE_STRIP = NO;
				DEBUG_INFORMATION_FORMAT = dwarf;
				ENABLE_STRICT_OBJC_MSGSEND = YES;
				ENABLE_TESTABILITY = YES;
				ENABLE_USER_SCRIPT_SANDBOXING = YES;
				GCC_C_LANGUAGE_STANDARD = gnu17;
				GCC_DYNAMIC_NO_PIC = NO;
				GCC_NO_COMMON_BLOCKS = YES;
				GCC_OPTIMIZATION_LEVEL = 0;
				GCC_PREPROCESSOR_DEFINITIONS = (
					"DEBUG=1",
					"$(inherited)",
				);
				GCC_WARN_64_TO_32_BIT_CONVERSION = YES;
				GCC_WARN_ABOUT_RETURN_TYPE = YES_ERROR;
				GCC_WARN_UNDECLARED_SELECTOR = YES;
				GCC_WARN_UNINITIALIZED_AUTOS = YES_AGGRESSIVE;
				GCC_WARN_UNUSED_FUNCTION = YES;
				GCC_WARN_UNUSED_VARIABLE = YES;
				IPHONEOS_DEPLOYMENT_TARGET = 18.2;
				LOCALIZATION_PREFERS_STRING_CATALOGS = YES;
				MTL_ENABLE_DEBUG_INFO = INCLUDE_SOURCE;
				MTL_FAST_MATH = YES;
				ONLY_ACTIVE_ARCH = YES;
				SDKROOT = iphoneos;
				SWIFT_ACTIVE_COMPILATION_CONDITIONS = "DEBUG $(inherited)";
				SWIFT_OPTIMIZATION_LEVEL = "-Onone";
			};
			name = Debug;
		};
		8AF539B92E13BD3100D3170A /* Release */ = {
			isa = XCBuildConfiguration;
			buildSettings = {
				ALWAYS_SEARCH_USER_PATHS = NO;
				ASSETCATALOG_COMPILER_GENERATE_SWIFT_ASSET_SYMBOL_EXTENSIONS = YES;
				CLANG_ANALYZER_NONNULL = YES;
				CLANG_ANALYZER_NUMBER_OBJECT_CONVERSION = YES_AGGRESSIVE;
				CLANG_CXX_LANGUAGE_STANDARD = "gnu++20";
				CLANG_ENABLE_MODULES = YES;
				CLANG_ENABLE_OBJC_ARC = YES;
				CLANG_ENABLE_OBJC_WEAK = YES;
				CLANG_WARN_BLOCK_CAPTURE_AUTORELEASING = YES;
				CLANG_WARN_BOOL_CONVERSION = YES;
				CLANG_WARN_COMMA = YES;
				CLANG_WARN_CONSTANT_CONVERSION = YES;
				CLANG_WARN_DEPRECATED_OBJC_IMPLEMENTATIONS = YES;
				CLANG_WARN_DIRECT_OBJC_ISA_USAGE = YES_ERROR;
				CLANG_WARN_DOCUMENTATION_COMMENTS = YES;
				CLANG_WARN_EMPTY_BODY = YES;
				CLANG_WARN_ENUM_CONVERSION = YES;
				CLANG_WARN_INFINITE_RECURSION = YES;
				CLANG_WARN_INT_CONVERSION = YES;
				CLANG_WARN_NON_LITERAL_NULL_CONVERSION = YES;
				CLANG_WARN_OBJC_IMPLICIT_RETAIN_SELF = YES;
				CLANG_WARN_OBJC_LITERAL_CONVERSION = YES;
				CLANG_WARN_OBJC_ROOT_CLASS = YES_ERROR;
				CLANG_WARN_QUOTED_INCLUDE_IN_FRAMEWORK_HEADER = YES;
				CLANG_WARN_RANGE_LOOP_ANALYSIS = YES;
				CLANG_WARN_STRICT_PROTOTYPES = YES;
				CLANG_WARN_SUSPICIOUS_MOVE = YES;
				CLANG_WARN_UNGUARDED_AVAILABILITY = YES_AGGRESSIVE;
				CLANG_WARN_UNREACHABLE_CODE = YES;
				CLANG_WARN__DUPLICATE_METHOD_MATCH = YES;
				COPY_PHASE_STRIP = NO;
				DEBUG_INFORMATION_FORMAT = "dwarf-with-dsym";
				ENABLE_NS_ASSERTIONS = NO;
				ENABLE_STRICT_OBJC_MSGSEND = YES;
				ENABLE_USER_SCRIPT_SANDBOXING = YES;
				GCC_C_LANGUAGE_STANDARD = gnu17;
				GCC_NO_COMMON_BLOCKS = YES;
				GCC_WARN_64_TO_32_BIT_CONVERSION = YES;
				GCC_WARN_ABOUT_RETURN_TYPE = YES_ERROR;
				GCC_WARN_UNDECLARED_SELECTOR = YES;
				GCC_WARN_UNINITIALIZED_AUTOS = YES_AGGRESSIVE;
				GCC_WARN_UNUSED_FUNCTION = YES;
				GCC_WARN_UNUSED_VARIABLE = YES;
				IPHONEOS_DEPLOYMENT_TARGET = 18.2;
				LOCALIZATION_PREFERS_STRING_CATALOGS = YES;
				MTL_ENABLE_DEBUG_INFO = NO;
				MTL_FAST_MATH = YES;
				SDKROOT = iphoneos;
				SWIFT_COMPILATION_MODE = wholemodule;
				VALIDATE_PRODUCT = YES;
			};
			name = Release;
		};
/* End XCBuildConfiguration section */

/* Begin XCConfigurationList section */
		8AF5399D2E13BD3000D3170A /* Build configuration list for PBXProject "Wlif" */ = {
			isa = XCConfigurationList;
			buildConfigurations = (
				8AF539B82E13BD3100D3170A /* Debug */,
				8AF539B92E13BD3100D3170A /* Release */,
			);
			defaultConfigurationIsVisible = 0;
			defaultConfigurationName = Release;
		};
		8AF539B52E13BD3100D3170A /* Build configuration list for PBXNativeTarget "Wlif" */ = {
			isa = XCConfigurationList;
			buildConfigurations = (
				8AF539B62E13BD3100D3170A /* Debug */,
				8AF539B72E13BD3100D3170A /* Release */,
			);
			defaultConfigurationIsVisible = 0;
			defaultConfigurationName = Release;
		};
/* End XCConfigurationList section */

/* Begin XCRemoteSwiftPackageReference section */
		8A4B22D12E1E729400A13823 /* XCRemoteSwiftPackageReference "Cosmos" */ = {
			isa = XCRemoteSwiftPackageReference;
			repositoryURL = "https://github.com/evgenyneu/Cosmos.git";
			requirement = {
				kind = upToNextMajorVersion;
				minimumVersion = 25.0.1;
			};
		};
		8AB0A2612E16971C0042FB85 /* XCRemoteSwiftPackageReference "Kingfisher" */ = {
			isa = XCRemoteSwiftPackageReference;
			repositoryURL = "https://github.com/onevcat/Kingfisher.git";
			requirement = {
				kind = upToNextMajorVersion;
				minimumVersion = 8.3.3;
			};
		};
		8AB0A2662E1697830042FB85 /* XCRemoteSwiftPackageReference "NVActivityIndicatorView" */ = {
			isa = XCRemoteSwiftPackageReference;
			repositoryURL = "https://github.com/ninjaprox/NVActivityIndicatorView.git";
			requirement = {
				kind = upToNextMajorVersion;
				minimumVersion = 5.2.0;
			};
		};
		8AF539CA2E13BE2600D3170A /* XCRemoteSwiftPackageReference "Alamofire" */ = {
			isa = XCRemoteSwiftPackageReference;
			repositoryURL = "https://github.com/Alamofire/Alamofire.git";
			requirement = {
				kind = upToNextMajorVersion;
				minimumVersion = 5.10.2;
			};
		};
		8AF53A332E13DA6800D3170A /* XCRemoteSwiftPackageReference "IQKeyboardManager" */ = {
			isa = XCRemoteSwiftPackageReference;
			repositoryURL = "https://github.com/hackiftekhar/IQKeyboardManager.git";
			requirement = {
				kind = upToNextMajorVersion;
				minimumVersion = 8.0.1;
			};
		};
		8AF9EF892E2FA60B008F7EF2 /* XCRemoteSwiftPackageReference "FSCalendar" */ = {
			isa = XCRemoteSwiftPackageReference;
			repositoryURL = "https://github.com/WenchaoD/FSCalendar.git";
			requirement = {
				kind = upToNextMajorVersion;
				minimumVersion = 2.8.4;
			};
		};
/* End XCRemoteSwiftPackageReference section */

/* Begin XCSwiftPackageProductDependency section */
		8A4B22D22E1E729400A13823 /* Cosmos */ = {
			isa = XCSwiftPackageProductDependency;
			package = 8A4B22D12E1E729400A13823 /* XCRemoteSwiftPackageReference "Cosmos" */;
			productName = Cosmos;
		};
		8AB0A2622E16971C0042FB85 /* Kingfisher */ = {
			isa = XCSwiftPackageProductDependency;
			package = 8AB0A2612E16971C0042FB85 /* XCRemoteSwiftPackageReference "Kingfisher" */;
			productName = Kingfisher;
		};
		8AB0A2672E1697830042FB85 /* NVActivityIndicatorView */ = {
			isa = XCSwiftPackageProductDependency;
			package = 8AB0A2662E1697830042FB85 /* XCRemoteSwiftPackageReference "NVActivityIndicatorView" */;
			productName = NVActivityIndicatorView;
		};
		8AB0A2692E1697830042FB85 /* NVActivityIndicatorViewExtended */ = {
			isa = XCSwiftPackageProductDependency;
			package = 8AB0A2662E1697830042FB85 /* XCRemoteSwiftPackageReference "NVActivityIndicatorView" */;
			productName = NVActivityIndicatorViewExtended;
		};
		8AF539CB2E13BE2600D3170A /* Alamofire */ = {
			isa = XCSwiftPackageProductDependency;
			package = 8AF539CA2E13BE2600D3170A /* XCRemoteSwiftPackageReference "Alamofire" */;
			productName = Alamofire;
		};
		8AF53A342E13DA6800D3170A /* IQKeyboardManagerSwift */ = {
			isa = XCSwiftPackageProductDependency;
			package = 8AF53A332E13DA6800D3170A /* XCRemoteSwiftPackageReference "IQKeyboardManager" */;
			productName = IQKeyboardManagerSwift;
		};
		8AF9EF8A2E2FA60B008F7EF2 /* FSCalendar */ = {
			isa = XCSwiftPackageProductDependency;
			package = 8AF9EF892E2FA60B008F7EF2 /* XCRemoteSwiftPackageReference "FSCalendar" */;
			productName = FSCalendar;
		};
/* End XCSwiftPackageProductDependency section */
	};
	rootObject = 8AF5399A2E13BD3000D3170A /* Project object */;
}
